
Microsoft Visual Studio Solution File, Format Version 12.00
# Visual Studio 14
VisualStudioVersion = 14.0.25420.1
MinimumVisualStudioVersion = 10.0.40219.1
Project("{FAE04EC0-301F-11D3-BF4B-00C04F79EFBC}") = "ExceptExample", "ExceptExample\ExceptExample.csproj", "{111BD55F-DAAC-47F8-BAAA-7B2684279870}"
EndProject
Project("{FAE04EC0-301F-11D3-BF4B-00C04F79EFBC}") = "EventExample", "EventExample\EventExample.csproj", "{834322F5-EF1A-4EB8-B733-7D09FADE3F6F}"
EndProject
Global
	GlobalSection(SolutionConfigurationPlatforms) = preSolution
		Debug|Any CPU = Debug|Any CPU
		Release|Any CPU = Release|Any CPU
	EndGlobalSection
	GlobalSection(ProjectConfigurationPlatforms) = postSolution
		{111BD55F-DAAC-47F8-BAAA-7B2684279870}.Debug|Any CPU.ActiveCfg = Debug|Any CPU
		{111BD55F-DAAC-47F8-BAAA-7B2684279870}.Debug|Any CPU.Build.0 = Debug|Any CPU
		{111BD55F-DAAC-47F8-BAAA-7B2684279870}.Release|Any CPU.ActiveCfg = Release|Any CPU
		{111BD55F-DAAC-47F8-BAAA-7B2684279870}.Release|Any CPU.Build.0 = Release|Any CPU
		{834322F5-EF1A-4EB8-B733-7D09FADE3F6F}.Debug|Any CPU.ActiveCfg = Debug|Any CPU
		{834322F5-EF1A-4EB8-B733-7D09FADE3F6F}.Debug|Any CPU.Build.0 = Debug|Any CPU
		{834322F5-EF1A-4EB8-B733-7D09FADE3F6F}.Release|Any CPU.ActiveCfg = Release|Any CPU
		{834322F5-EF1A-4EB8-B733-7D09FADE3F6F}.Release|Any CPU.Build.0 = Release|Any CPU
	EndGlobalSection
	GlobalSection(SolutionProperties) = preSolution
		HideSolutionNode = FALSE
	EndGlobalSection
EndGlobal
